
Microsoft Visual Studio Solution File, Format Version 12.00
# Visual Studio Version 16
VisualStudioVersion = 16.0.31911.196
MinimumVisualStudioVersion = 10.0.40219.1
Project("{FAE04EC0-301F-11D3-BF4B-00C04F79EFBC}") = "RazorTodo.Web", "RazorTodo.Web\RazorTodo.Web.csproj", "{AFA235AA-6A6E-45FF-A244-E17ED357427B}"
EndProject
Project("{FAE04EC0-301F-11D3-BF4B-00C04F79EFBC}") = "RazorTodo.DAL", "RazorTodo.DAL\RazorTodo.DAL.csproj", "{33B74D1D-9255-4BC9-B246-5E1F0CF18E69}"
EndProject
Global
	GlobalSection(SolutionConfigurationPlatforms) = preSolution
		Debug|Any CPU = Debug|Any CPU
		Release|Any CPU = Release|Any CPU
	EndGlobalSection
	GlobalSection(ProjectConfigurationPlatforms) = postSolution
		{AFA235AA-6A6E-45FF-A244-E17ED357427B}.Debug|Any CPU.ActiveCfg = Debug|Any CPU
		{AFA235AA-6A6E-45FF-A244-E17ED357427B}.Debug|Any CPU.Build.0 = Debug|Any CPU
		{AFA235AA-6A6E-45FF-A244-E17ED357427B}.Release|Any CPU.ActiveCfg = Release|Any CPU
		{AFA235AA-6A6E-45FF-A244-E17ED357427B}.Release|Any CPU.Build.0 = Release|Any CPU
		{33B74D1D-9255-4BC9-B246-5E1F0CF18E69}.Debug|Any CPU.ActiveCfg = Debug|Any CPU
		{33B74D1D-9255-4BC9-B246-5E1F0CF18E69}.Debug|Any CPU.Build.0 = Debug|Any CPU
		{33B74D1D-9255-4BC9-B246-5E1F0CF18E69}.Release|Any CPU.ActiveCfg = Release|Any CPU
		{33B74D1D-9255-4BC9-B246-5E1F0CF18E69}.Release|Any CPU.Build.0 = Release|Any CPU
	EndGlobalSection
	GlobalSection(SolutionProperties) = preSolution
		HideSolutionNode = FALSE
	EndGlobalSection
	GlobalSection(ExtensibilityGlobals) = postSolution
		SolutionGuid = {FF10BEE5-2032-4BB5-B5CC-E76E20DF4947}
	EndGlobalSection
EndGlobal
