
Microsoft Visual Studio Solution File, Format Version 12.00
# Visual Studio Version 16
VisualStudioVersion = 16.0.31911.196
MinimumVisualStudioVersion = 10.0.40219.1
Project("{9A19103F-16F7-4668-BE54-9A1E7A4F7556}") = "RazorTodo.Web", "RazorTodo.Web\RazorTodo.Web.csproj", "{AFA235AA-6A6E-45FF-A244-E17ED357427B}"
EndProject
Project("{9A19103F-16F7-4668-BE54-9A1E7A4F7556}") = "RazorTodo.DAL", "RazorTodo.DAL\RazorTodo.DAL.csproj", "{33B74D1D-9255-4BC9-B246-5E1F0CF18E69}"
EndProject
Project("{FAE04EC0-301F-11D3-BF4B-00C04F79EFBC}") = "RazorTodo.Service", "RazorTodo.Service\RazorTodo.Service.csproj", "{D562455A-33F5-4285-AC2D-D35CE84E52C0}"
EndProject
Project("{FAE04EC0-301F-11D3-BF4B-00C04F79EFBC}") = "RazorTodo.DTO", "RazorTodo.DTO\RazorTodo.DTO.csproj", "{240F88F8-3B77-4FF2-A6D6-BA65F2DFDD9E}"
EndProject
Global
	GlobalSection(SolutionConfigurationPlatforms) = preSolution
		Debug|Any CPU = Debug|Any CPU
		Release|Any CPU = Release|Any CPU
	EndGlobalSection
	GlobalSection(ProjectConfigurationPlatforms) = postSolution
		{AFA235AA-6A6E-45FF-A244-E17ED357427B}.Debug|Any CPU.ActiveCfg = Debug|Any CPU
		{AFA235AA-6A6E-45FF-A244-E17ED357427B}.Debug|Any CPU.Build.0 = Debug|Any CPU
		{AFA235AA-6A6E-45FF-A244-E17ED357427B}.Release|Any CPU.ActiveCfg = Release|Any CPU
		{AFA235AA-6A6E-45FF-A244-E17ED357427B}.Release|Any CPU.Build.0 = Release|Any CPU
		{33B74D1D-9255-4BC9-B246-5E1F0CF18E69}.Debug|Any CPU.ActiveCfg = Debug|Any CPU
		{33B74D1D-9255-4BC9-B246-5E1F0CF18E69}.Debug|Any CPU.Build.0 = Debug|Any CPU
		{33B74D1D-9255-4BC9-B246-5E1F0CF18E69}.Release|Any CPU.ActiveCfg = Release|Any CPU
		{33B74D1D-9255-4BC9-B246-5E1F0CF18E69}.Release|Any CPU.Build.0 = Release|Any CPU
		{D562455A-33F5-4285-AC2D-D35CE84E52C0}.Debug|Any CPU.ActiveCfg = Debug|Any CPU
		{D562455A-33F5-4285-AC2D-D35CE84E52C0}.Debug|Any CPU.Build.0 = Debug|Any CPU
		{D562455A-33F5-4285-AC2D-D35CE84E52C0}.Release|Any CPU.ActiveCfg = Release|Any CPU
		{D562455A-33F5-4285-AC2D-D35CE84E52C0}.Release|Any CPU.Build.0 = Release|Any CPU
		{240F88F8-3B77-4FF2-A6D6-BA65F2DFDD9E}.Debug|Any CPU.ActiveCfg = Debug|Any CPU
		{240F88F8-3B77-4FF2-A6D6-BA65F2DFDD9E}.Debug|Any CPU.Build.0 = Debug|Any CPU
		{240F88F8-3B77-4FF2-A6D6-BA65F2DFDD9E}.Release|Any CPU.ActiveCfg = Release|Any CPU
		{240F88F8-3B77-4FF2-A6D6-BA65F2DFDD9E}.Release|Any CPU.Build.0 = Release|Any CPU
	EndGlobalSection
	GlobalSection(SolutionProperties) = preSolution
		HideSolutionNode = FALSE
	EndGlobalSection
	GlobalSection(ExtensibilityGlobals) = postSolution
		SolutionGuid = {FF10BEE5-2032-4BB5-B5CC-E76E20DF4947}
	EndGlobalSection
EndGlobal
